
Microsoft Visual Studio Solution File, Format Version 12.00
# Visual Studio Version 16
VisualStudioVersion = 16.0.29123.88
MinimumVisualStudioVersion = 10.0.40219.1
Project("{9A19103F-16F7-4668-BE54-9A1E7A4F7556}") = "Sitefinity CLI", "Sitefinity CLI\Sitefinity CLI.csproj", "{F26C07FD-92EE-42A2-AED2-4C0B4810EBC3}"
EndProject
Project("{9A19103F-16F7-4668-BE54-9A1E7A4F7556}") = "Sitefinity CLI.Tests", "Sitefinity CLI.Tests\Sitefinity CLI.Tests.csproj", "{E0045D27-7A95-43F8-920B-704C7F5C5753}"
EndProject
Project("{930C7802-8A8C-48F9-8165-68863BCCD9DD}") = "Sitefinity CLI.Installer", "Sitefinity CLI.Installer\Sitefinity CLI.Installer.wixproj", "{E6393D7A-F0EA-48C2-88D4-3B7FEF67C3C7}"
EndProject
Global
	GlobalSection(SolutionConfigurationPlatforms) = preSolution
		Debug|Any CPU = Debug|Any CPU
		Debug|x64 = Debug|x64
		Debug|x86 = Debug|x86
		Release Pro|Any CPU = Release Pro|Any CPU
		Release Pro|x64 = Release Pro|x64
		Release Pro|x86 = Release Pro|x86
		Release|Any CPU = Release|Any CPU
		Release|x64 = Release|x64
		Release|x86 = Release|x86
	EndGlobalSection
	GlobalSection(ProjectConfigurationPlatforms) = postSolution
		{F26C07FD-92EE-42A2-AED2-4C0B4810EBC3}.Debug|Any CPU.ActiveCfg = Debug|Any CPU
		{F26C07FD-92EE-42A2-AED2-4C0B4810EBC3}.Debug|Any CPU.Build.0 = Debug|Any CPU
		{F26C07FD-92EE-42A2-AED2-4C0B4810EBC3}.Debug|x64.ActiveCfg = Debug|Any CPU
		{F26C07FD-92EE-42A2-AED2-4C0B4810EBC3}.Debug|x64.Build.0 = Debug|Any CPU
		{F26C07FD-92EE-42A2-AED2-4C0B4810EBC3}.Debug|x86.ActiveCfg = Debug|Any CPU
		{F26C07FD-92EE-42A2-AED2-4C0B4810EBC3}.Debug|x86.Build.0 = Debug|Any CPU
		{F26C07FD-92EE-42A2-AED2-4C0B4810EBC3}.Release Pro|Any CPU.ActiveCfg = Release|Any CPU
		{F26C07FD-92EE-42A2-AED2-4C0B4810EBC3}.Release Pro|Any CPU.Build.0 = Release|Any CPU
		{F26C07FD-92EE-42A2-AED2-4C0B4810EBC3}.Release Pro|x64.ActiveCfg = Release|Any CPU
		{F26C07FD-92EE-42A2-AED2-4C0B4810EBC3}.Release Pro|x64.Build.0 = Release|Any CPU
		{F26C07FD-92EE-42A2-AED2-4C0B4810EBC3}.Release Pro|x86.ActiveCfg = Release|Any CPU
		{F26C07FD-92EE-42A2-AED2-4C0B4810EBC3}.Release Pro|x86.Build.0 = Release|Any CPU
		{F26C07FD-92EE-42A2-AED2-4C0B4810EBC3}.Release|Any CPU.ActiveCfg = Release|Any CPU
		{F26C07FD-92EE-42A2-AED2-4C0B4810EBC3}.Release|Any CPU.Build.0 = Release|Any CPU
		{F26C07FD-92EE-42A2-AED2-4C0B4810EBC3}.Release|x64.ActiveCfg = Release|Any CPU
		{F26C07FD-92EE-42A2-AED2-4C0B4810EBC3}.Release|x64.Build.0 = Release|Any CPU
		{F26C07FD-92EE-42A2-AED2-4C0B4810EBC3}.Release|x86.ActiveCfg = Release|Any CPU
		{F26C07FD-92EE-42A2-AED2-4C0B4810EBC3}.Release|x86.Build.0 = Release|Any CPU
		{E0045D27-7A95-43F8-920B-704C7F5C5753}.Debug|Any CPU.ActiveCfg = Debug|Any CPU
		{E0045D27-7A95-43F8-920B-704C7F5C5753}.Debug|Any CPU.Build.0 = Debug|Any CPU
		{E0045D27-7A95-43F8-920B-704C7F5C5753}.Debug|x64.ActiveCfg = Debug|Any CPU
		{E0045D27-7A95-43F8-920B-704C7F5C5753}.Debug|x64.Build.0 = Debug|Any CPU
		{E0045D27-7A95-43F8-920B-704C7F5C5753}.Debug|x86.ActiveCfg = Debug|Any CPU
		{E0045D27-7A95-43F8-920B-704C7F5C5753}.Debug|x86.Build.0 = Debug|Any CPU
		{E0045D27-7A95-43F8-920B-704C7F5C5753}.Release Pro|Any CPU.ActiveCfg = Release|Any CPU
		{E0045D27-7A95-43F8-920B-704C7F5C5753}.Release Pro|Any CPU.Build.0 = Release|Any CPU
		{E0045D27-7A95-43F8-920B-704C7F5C5753}.Release Pro|x64.ActiveCfg = Release|Any CPU
		{E0045D27-7A95-43F8-920B-704C7F5C5753}.Release Pro|x64.Build.0 = Release|Any CPU
		{E0045D27-7A95-43F8-920B-704C7F5C5753}.Release Pro|x86.ActiveCfg = Release|Any CPU
		{E0045D27-7A95-43F8-920B-704C7F5C5753}.Release Pro|x86.Build.0 = Release|Any CPU
		{E0045D27-7A95-43F8-920B-704C7F5C5753}.Release|Any CPU.ActiveCfg = Release|Any CPU
		{E0045D27-7A95-43F8-920B-704C7F5C5753}.Release|Any CPU.Build.0 = Release|Any CPU
		{E0045D27-7A95-43F8-920B-704C7F5C5753}.Release|x64.ActiveCfg = Release|Any CPU
		{E0045D27-7A95-43F8-920B-704C7F5C5753}.Release|x64.Build.0 = Release|Any CPU
		{E0045D27-7A95-43F8-920B-704C7F5C5753}.Release|x86.ActiveCfg = Release|Any CPU
		{E0045D27-7A95-43F8-920B-704C7F5C5753}.Release|x86.Build.0 = Release|Any CPU
		{E6393D7A-F0EA-48C2-88D4-3B7FEF67C3C7}.Debug|Any CPU.ActiveCfg = Debug|x86
		{E6393D7A-F0EA-48C2-88D4-3B7FEF67C3C7}.Debug|x64.ActiveCfg = Debug|x64
		{E6393D7A-F0EA-48C2-88D4-3B7FEF67C3C7}.Debug|x64.Build.0 = Debug|x64
		{E6393D7A-F0EA-48C2-88D4-3B7FEF67C3C7}.Debug|x86.ActiveCfg = Debug|x86
		{E6393D7A-F0EA-48C2-88D4-3B7FEF67C3C7}.Debug|x86.Build.0 = Debug|x86
		{E6393D7A-F0EA-48C2-88D4-3B7FEF67C3C7}.Release Pro|Any CPU.ActiveCfg = Release|x86
		{E6393D7A-F0EA-48C2-88D4-3B7FEF67C3C7}.Release Pro|Any CPU.Build.0 = Release|x86
		{E6393D7A-F0EA-48C2-88D4-3B7FEF67C3C7}.Release Pro|x64.ActiveCfg = Release|x64
		{E6393D7A-F0EA-48C2-88D4-3B7FEF67C3C7}.Release Pro|x64.Build.0 = Release|x64
		{E6393D7A-F0EA-48C2-88D4-3B7FEF67C3C7}.Release Pro|x86.ActiveCfg = Release|x86
		{E6393D7A-F0EA-48C2-88D4-3B7FEF67C3C7}.Release Pro|x86.Build.0 = Release|x86
		{E6393D7A-F0EA-48C2-88D4-3B7FEF67C3C7}.Release|Any CPU.ActiveCfg = Release|x86
		{E6393D7A-F0EA-48C2-88D4-3B7FEF67C3C7}.Release|x64.ActiveCfg = Release|x64
		{E6393D7A-F0EA-48C2-88D4-3B7FEF67C3C7}.Release|x64.Build.0 = Release|x64
		{E6393D7A-F0EA-48C2-88D4-3B7FEF67C3C7}.Release|x86.ActiveCfg = Release|x86
		{E6393D7A-F0EA-48C2-88D4-3B7FEF67C3C7}.Release|x86.Build.0 = Release|x86
	EndGlobalSection
	GlobalSection(SolutionProperties) = preSolution
		HideSolutionNode = FALSE
	EndGlobalSection
	GlobalSection(ExtensibilityGlobals) = postSolution
		SolutionGuid = {FCA79152-D95A-4F6D-A898-33D9BF020B8B}
	EndGlobalSection
EndGlobal
