
Microsoft Visual Studio Solution File, Format Version 12.00
# Visual Studio 15
VisualStudioVersion = 15.0.27004.2010
MinimumVisualStudioVersion = 10.0.40219.1
Project("{9A19103F-16F7-4668-BE54-9A1E7A4F7556}") = "Sitefinity CLI", "Sitefinity CLI\Sitefinity CLI.csproj", "{F26C07FD-92EE-42A2-AED2-4C0B4810EBC3}"
EndProject
Global
	GlobalSection(SolutionConfigurationPlatforms) = preSolution
		Debug|Any CPU = Debug|Any CPU
		Release|Any CPU = Release|Any CPU
	EndGlobalSection
	GlobalSection(ProjectConfigurationPlatforms) = postSolution
		{F26C07FD-92EE-42A2-AED2-4C0B4810EBC3}.Debug|Any CPU.ActiveCfg = Debug|Any CPU
		{F26C07FD-92EE-42A2-AED2-4C0B4810EBC3}.Debug|Any CPU.Build.0 = Debug|Any CPU
		{F26C07FD-92EE-42A2-AED2-4C0B4810EBC3}.Release|Any CPU.ActiveCfg = Release|Any CPU
		{F26C07FD-92EE-42A2-AED2-4C0B4810EBC3}.Release|Any CPU.Build.0 = Release|Any CPU
	EndGlobalSection
	GlobalSection(SolutionProperties) = preSolution
		HideSolutionNode = FALSE
	EndGlobalSection
	GlobalSection(ExtensibilityGlobals) = postSolution
		SolutionGuid = {FCA79152-D95A-4F6D-A898-33D9BF020B8B}
	EndGlobalSection
EndGlobal
