
Microsoft Visual Studio Solution File, Format Version 12.00
# Visual Studio Version 17
VisualStudioVersion = 17.10.35013.160
MinimumVisualStudioVersion = 10.0.40219.1
Project("{FAE04EC0-301F-11D3-BF4B-00C04F79EFBC}") = "EmptyNetFrameworkWebApp", "EmptyNetFrameworkWebApp.csproj", "{1419C8DB-FE91-464F-8955-C7C3B3B766E9}"
EndProject
Global
	GlobalSection(SolutionConfigurationPlatforms) = preSolution
		Debug|Any CPU = Debug|Any CPU
		Release|Any CPU = Release|Any CPU
	EndGlobalSection
	GlobalSection(ProjectConfigurationPlatforms) = postSolution
		{1419C8DB-FE91-464F-8955-C7C3B3B766E9}.Debug|Any CPU.ActiveCfg = Debug|Any CPU
		{1419C8DB-FE91-464F-8955-C7C3B3B766E9}.Debug|Any CPU.Build.0 = Debug|Any CPU
		{1419C8DB-FE91-464F-8955-C7C3B3B766E9}.Release|Any CPU.ActiveCfg = Release|Any CPU
		{1419C8DB-FE91-464F-8955-C7C3B3B766E9}.Release|Any CPU.Build.0 = Release|Any CPU
	EndGlobalSection
	GlobalSection(SolutionProperties) = preSolution
		HideSolutionNode = FALSE
	EndGlobalSection
	GlobalSection(ExtensibilityGlobals) = postSolution
		SolutionGuid = {6C6786E7-2F94-4816-9588-4EE8117F5C3A}
	EndGlobalSection
EndGlobal
